
Microsoft Visual Studio Solution File, Format Version 12.00
# Visual Studio Version 17
VisualStudioVersion = 17.4.33103.184
MinimumVisualStudioVersion = 10.0.40219.1
Project("{FAE04EC0-301F-11D3-BF4B-00C04F79EFBC}") = "EntityFrameworkCoreLibrary", "EntityFrameworkCoreLibrary\EntityFrameworkCoreLibrary.csproj", "{E33C5E13-49BB-4809-ABDA-8C47B0DA9027}"
EndProject
Global
	GlobalSection(SolutionConfigurationPlatforms) = preSolution
		Debug|Any CPU = Debug|Any CPU
		Release|Any CPU = Release|Any CPU
	EndGlobalSection
	GlobalSection(ProjectConfigurationPlatforms) = postSolution
		{E33C5E13-49BB-4809-ABDA-8C47B0DA9027}.Debug|Any CPU.ActiveCfg = Debug|Any CPU
		{E33C5E13-49BB-4809-ABDA-8C47B0DA9027}.Debug|Any CPU.Build.0 = Debug|Any CPU
		{E33C5E13-49BB-4809-ABDA-8C47B0DA9027}.Release|Any CPU.ActiveCfg = Release|Any CPU
		{E33C5E13-49BB-4809-ABDA-8C47B0DA9027}.Release|Any CPU.Build.0 = Release|Any CPU
	EndGlobalSection
	GlobalSection(SolutionProperties) = preSolution
		HideSolutionNode = FALSE
	EndGlobalSection
	GlobalSection(ExtensibilityGlobals) = postSolution
		SolutionGuid = {73B0B28A-932F-4FC9-A590-08AC67630341}
	EndGlobalSection
EndGlobal
